
Microsoft Visual Studio Solution File, Format Version 12.00
# Visual Studio 15
VisualStudioVersion = 15.0.26730.16
MinimumVisualStudioVersion = 10.0.40219.1
Project("{FAE04EC0-301F-11D3-BF4B-00C04F79EFBC}") = "DynamicsPlugin", "DynamicsPlugin\DynamicsPlugin.csproj", "{E1CC7C85-A578-419E-BB3B-62C6469B123E}"
EndProject
Project("{FAE04EC0-301F-11D3-BF4B-00C04F79EFBC}") = "DynamicsPlugin.Tests", "DynamicsPlugin.Tests\DynamicsPlugin.Tests.csproj", "{33ACF4D8-8257-4717-9183-ED3AE2CF7135}"
EndProject
Global
	GlobalSection(SolutionConfigurationPlatforms) = preSolution
		Debug|Any CPU = Debug|Any CPU
		Release|Any CPU = Release|Any CPU
	EndGlobalSection
	GlobalSection(ProjectConfigurationPlatforms) = postSolution
		{E1CC7C85-A578-419E-BB3B-62C6469B123E}.Debug|Any CPU.ActiveCfg = Debug|Any CPU
		{E1CC7C85-A578-419E-BB3B-62C6469B123E}.Debug|Any CPU.Build.0 = Debug|Any CPU
		{E1CC7C85-A578-419E-BB3B-62C6469B123E}.Release|Any CPU.ActiveCfg = Release|Any CPU
		{E1CC7C85-A578-419E-BB3B-62C6469B123E}.Release|Any CPU.Build.0 = Release|Any CPU
		{33ACF4D8-8257-4717-9183-ED3AE2CF7135}.Debug|Any CPU.ActiveCfg = Debug|Any CPU
		{33ACF4D8-8257-4717-9183-ED3AE2CF7135}.Debug|Any CPU.Build.0 = Debug|Any CPU
		{33ACF4D8-8257-4717-9183-ED3AE2CF7135}.Release|Any CPU.ActiveCfg = Release|Any CPU
		{33ACF4D8-8257-4717-9183-ED3AE2CF7135}.Release|Any CPU.Build.0 = Release|Any CPU
	EndGlobalSection
	GlobalSection(SolutionProperties) = preSolution
		HideSolutionNode = FALSE
	EndGlobalSection
	GlobalSection(ExtensibilityGlobals) = postSolution
		SolutionGuid = {0CC02AE3-639E-4A06-A1FD-1F1CF44D0896}
	EndGlobalSection
EndGlobal
